
Microsoft Visual Studio Solution File, Format Version 11.00
# Visual Studio 2010
Project("{FAE04EC0-301F-11D3-BF4B-00C04F79EFBC}") = "Assembly-CSharp", "Assembly-CSharp.csproj", "{B305467A-CE12-1D18-2FF5-24994304ABF3}"
EndProject
Project("{FAE04EC0-301F-11D3-BF4B-00C04F79EFBC}") = "Assembly-CSharp-Editor", "Assembly-CSharp-Editor.csproj", "{5CEB7BB5-8FE2-366E-185A-E0BB8759A60F}"
EndProject
Global
	GlobalSection(SolutionConfigurationPlatforms) = preSolution
		Debug|Any CPU = Debug|Any CPU
		Release|Any CPU = Release|Any CPU
	EndGlobalSection
	GlobalSection(ProjectConfigurationPlatforms) = postSolution
		{B305467A-CE12-1D18-2FF5-24994304ABF3}.Debug|Any CPU.ActiveCfg = Debug|Any CPU
		{B305467A-CE12-1D18-2FF5-24994304ABF3}.Debug|Any CPU.Build.0 = Debug|Any CPU
		{B305467A-CE12-1D18-2FF5-24994304ABF3}.Release|Any CPU.ActiveCfg = Release|Any CPU
		{B305467A-CE12-1D18-2FF5-24994304ABF3}.Release|Any CPU.Build.0 = Release|Any CPU
		{5CEB7BB5-8FE2-366E-185A-E0BB8759A60F}.Debug|Any CPU.ActiveCfg = Debug|Any CPU
		{5CEB7BB5-8FE2-366E-185A-E0BB8759A60F}.Debug|Any CPU.Build.0 = Debug|Any CPU
		{5CEB7BB5-8FE2-366E-185A-E0BB8759A60F}.Release|Any CPU.ActiveCfg = Release|Any CPU
		{5CEB7BB5-8FE2-366E-185A-E0BB8759A60F}.Release|Any CPU.Build.0 = Release|Any CPU
	EndGlobalSection
	GlobalSection(SolutionProperties) = preSolution
		HideSolutionNode = FALSE
	EndGlobalSection
EndGlobal
